{
    "_readme": [
        "This file locks the dependencies of your project to a known state",
        "Read more about it at https://getcomposer.org/doc/01-basic-usage.md#installing-dependencies",
        "This file is @generated automatically"
    ],
    "content-hash": "e8eb0a0d2b5f2b3c32a891dbb42a2468",
    "packages": [
        {
            "name": "knawat/knawat-php-sdk",
            "version": "1.0.2",
            "source": {
                "type": "git",
                "url": "https://github.com/Knawat/knawat-php-sdk.git",
                "reference": "59f6d2233bed66982cd0706ffc58c149554a606f"
            },
            "dist": {
                "type": "zip",
                "url": "https://api.github.com/repos/Knawat/knawat-php-sdk/zipball/59f6d2233bed66982cd0706ffc58c149554a606f",
                "reference": "59f6d2233bed66982cd0706ffc58c149554a606f",
                "shasum": ""
            },
            "require": {
                "ext-curl": "*",
                "ext-json": "*",
                "php": ">= 5.4.0"
            },
            "require-dev": {
                "squizlabs/php_codesniffer": "3.*"
            },
            "type": "library",
            "autoload": {
                "psr-4": {
                    "Knawat\\": "src/Knawat"
                }
            },
            "notification-url": "https://packagist.org/downloads/",
            "license": [
                "Apache-2.0"
            ],
            "authors": [
                {
                    "name": "Dharmesh Patel",
                    "email": "dspatel44@gmail.com"
                }
            ],
            "description": "A PHP wrapper for the Knawat REST API",
            "keywords": [
                "Dropshipping",
                "Knawat",
                "api"
            ],
            "support": {
                "issues": "https://github.com/Knawat/knawat-php-sdk/issues",
                "source": "https://github.com/Knawat/knawat-php-sdk/tree/1.0.2"
            },
            "time": "2021-02-05T10:09:55+00:00"
        }
    ],
    "packages-dev": [],
    "aliases": [],
    "minimum-stability": "stable",
    "stability-flags": [],
    "prefer-stable": false,
    "prefer-lowest": false,
    "platform": [],
    "platform-dev": [],
    "plugin-api-version": "2.3.0"
}
